dependencies:
- name: accounts-postgres
  repository: file://charts/accounts-postgres
  version: 0.1.0
- name: notifications-postgres
  repository: file://charts/notifications-postgres
  version: 0.1.0
- name: kafka
  repository: file://charts/kafka
  version: 0.1.0
- name: keycloak
  repository: file://charts/keycloak
  version: 0.1.0
- name: notifications-service
  repository: file://charts/notifications-service
  version: 0.1.0
- name: accounts-service
  repository: file://charts/accounts-service
  version: 0.1.0
- name: cash-service
  repository: file://charts/cash-service
  version: 0.1.0
- name: transfer-service
  repository: file://charts/transfer-service
  version: 0.1.0
- name: gateway-service
  repository: file://charts/gateway-service
  version: 0.1.0
digest: sha256:1df0cdfa7bb01914ff68b1dc0fdd14866e81ff924dcd54a87edb59f8cb9ab55b
generated: "2026-04-14T12:10:49.1719679+03:00"
